
Microsoft Visual Studio Solution File, Format Version 12.00
# Visual Studio Version 16
VisualStudioVersion = 16.0.29806.167
MinimumVisualStudioVersion = 10.0.40219.1
Project("{9A19103F-16F7-4668-BE54-9A1E7A4F7556}") = "Common.DataAccess", "Common.DataAccess\Common.DataAccess.csproj", "{370CC87D-8FC2-4EAD-A4EA-38F7277743BA}"
EndProject
Project("{9A19103F-16F7-4668-BE54-9A1E7A4F7556}") = "Common.Domain", "Common.Domain\Common.Domain.csproj", "{1799C71C-5C2D-4AFA-96B7-FFA1EE62D059}"
EndProject
Project("{FAE04EC0-301F-11D3-BF4B-00C04F79EFBC}") = "Common.Distributed.GraphQL", "Common.Distributed.GraphQL\Common.Distributed.GraphQL.csproj", "{D18E8566-4E18-45F2-901E-8BEBA37453B8}"
EndProject
Project("{FAE04EC0-301F-11D3-BF4B-00C04F79EFBC}") = "Common.Infr.Logger", "Common.Infr.Logger\Common.Infr.Logger.csproj", "{1315977B-0640-4FDA-BAC5-448F96B1DCA5}"
EndProject
Project("{FAE04EC0-301F-11D3-BF4B-00C04F79EFBC}") = "Common.Infr.Support", "Common.Infr.Support\Common.Infr.Support.csproj", "{317BF54C-878D-48BF-BF2F-AB11C9D583FF}"
EndProject
Project("{FAE04EC0-301F-11D3-BF4B-00C04F79EFBC}") = "Common.Infr.Ioc", "Common.Infr.Ioc\Common.Infr.Ioc.csproj", "{0076F687-176E-4B24-9EA2-F8A18ED9C7A3}"
EndProject
Global
	GlobalSection(SolutionConfigurationPlatforms) = preSolution
		Debug|Any CPU = Debug|Any CPU
		Release|Any CPU = Release|Any CPU
	EndGlobalSection
	GlobalSection(ProjectConfigurationPlatforms) = postSolution
		{370CC87D-8FC2-4EAD-A4EA-38F7277743BA}.Debug|Any CPU.ActiveCfg = Debug|Any CPU
		{370CC87D-8FC2-4EAD-A4EA-38F7277743BA}.Debug|Any CPU.Build.0 = Debug|Any CPU
		{370CC87D-8FC2-4EAD-A4EA-38F7277743BA}.Release|Any CPU.ActiveCfg = Release|Any CPU
		{370CC87D-8FC2-4EAD-A4EA-38F7277743BA}.Release|Any CPU.Build.0 = Release|Any CPU
		{1799C71C-5C2D-4AFA-96B7-FFA1EE62D059}.Debug|Any CPU.ActiveCfg = Debug|Any CPU
		{1799C71C-5C2D-4AFA-96B7-FFA1EE62D059}.Debug|Any CPU.Build.0 = Debug|Any CPU
		{1799C71C-5C2D-4AFA-96B7-FFA1EE62D059}.Release|Any CPU.ActiveCfg = Release|Any CPU
		{1799C71C-5C2D-4AFA-96B7-FFA1EE62D059}.Release|Any CPU.Build.0 = Release|Any CPU
		{D18E8566-4E18-45F2-901E-8BEBA37453B8}.Debug|Any CPU.ActiveCfg = Debug|Any CPU
		{D18E8566-4E18-45F2-901E-8BEBA37453B8}.Debug|Any CPU.Build.0 = Debug|Any CPU
		{D18E8566-4E18-45F2-901E-8BEBA37453B8}.Release|Any CPU.ActiveCfg = Release|Any CPU
		{D18E8566-4E18-45F2-901E-8BEBA37453B8}.Release|Any CPU.Build.0 = Release|Any CPU
		{1315977B-0640-4FDA-BAC5-448F96B1DCA5}.Debug|Any CPU.ActiveCfg = Debug|Any CPU
		{1315977B-0640-4FDA-BAC5-448F96B1DCA5}.Debug|Any CPU.Build.0 = Debug|Any CPU
		{1315977B-0640-4FDA-BAC5-448F96B1DCA5}.Release|Any CPU.ActiveCfg = Release|Any CPU
		{1315977B-0640-4FDA-BAC5-448F96B1DCA5}.Release|Any CPU.Build.0 = Release|Any CPU
		{317BF54C-878D-48BF-BF2F-AB11C9D583FF}.Debug|Any CPU.ActiveCfg = Debug|Any CPU
		{317BF54C-878D-48BF-BF2F-AB11C9D583FF}.Debug|Any CPU.Build.0 = Debug|Any CPU
		{317BF54C-878D-48BF-BF2F-AB11C9D583FF}.Release|Any CPU.ActiveCfg = Release|Any CPU
		{317BF54C-878D-48BF-BF2F-AB11C9D583FF}.Release|Any CPU.Build.0 = Release|Any CPU
		{0076F687-176E-4B24-9EA2-F8A18ED9C7A3}.Debug|Any CPU.ActiveCfg = Debug|Any CPU
		{0076F687-176E-4B24-9EA2-F8A18ED9C7A3}.Debug|Any CPU.Build.0 = Debug|Any CPU
		{0076F687-176E-4B24-9EA2-F8A18ED9C7A3}.Release|Any CPU.ActiveCfg = Release|Any CPU
		{0076F687-176E-4B24-9EA2-F8A18ED9C7A3}.Release|Any CPU.Build.0 = Release|Any CPU
	EndGlobalSection
	GlobalSection(SolutionProperties) = preSolution
		HideSolutionNode = FALSE
	EndGlobalSection
	GlobalSection(ExtensibilityGlobals) = postSolution
		SolutionGuid = {4C9C3F86-2864-46E4-B3B7-D4C8BB9D628B}
	EndGlobalSection
EndGlobal
